
Microsoft Visual Studio Solution File, Format Version 12.00
# Visual Studio Version 17
VisualStudioVersion = 17.0.31903.59
MinimumVisualStudioVersion = 10.0.40219.1
Project("{FAE04EC0-301F-11D3-BF4B-00C04F79EFBC}") = "Demo.Consumer.App", "Demo.Consumer.App\Demo.Consumer.App.csproj", "{6A2C8B5B-8FDA-4162-8FE4-BFF0E8DE9359}"
EndProject
Project("{FAE04EC0-301F-11D3-BF4B-00C04F79EFBC}") = "Demo.Consumer.Tests", "Demo.Consumer.Tests\Demo.Consumer.Tests.csproj", "{B92198B2-785A-4FFF-8AEA-298D6C5478F8}"
EndProject
Global
	GlobalSection(SolutionConfigurationPlatforms) = preSolution
		Debug|Any CPU = Debug|Any CPU
		Release|Any CPU = Release|Any CPU
	EndGlobalSection
	GlobalSection(SolutionProperties) = preSolution
		HideSolutionNode = FALSE
	EndGlobalSection
	GlobalSection(ProjectConfigurationPlatforms) = postSolution
		{6A2C8B5B-8FDA-4162-8FE4-BFF0E8DE9359}.Debug|Any CPU.ActiveCfg = Debug|Any CPU
		{6A2C8B5B-8FDA-4162-8FE4-BFF0E8DE9359}.Debug|Any CPU.Build.0 = Debug|Any CPU
		{6A2C8B5B-8FDA-4162-8FE4-BFF0E8DE9359}.Release|Any CPU.ActiveCfg = Release|Any CPU
		{6A2C8B5B-8FDA-4162-8FE4-BFF0E8DE9359}.Release|Any CPU.Build.0 = Release|Any CPU
		{B92198B2-785A-4FFF-8AEA-298D6C5478F8}.Debug|Any CPU.ActiveCfg = Debug|Any CPU
		{B92198B2-785A-4FFF-8AEA-298D6C5478F8}.Debug|Any CPU.Build.0 = Debug|Any CPU
		{B92198B2-785A-4FFF-8AEA-298D6C5478F8}.Release|Any CPU.ActiveCfg = Release|Any CPU
		{B92198B2-785A-4FFF-8AEA-298D6C5478F8}.Release|Any CPU.Build.0 = Release|Any CPU
	EndGlobalSection
EndGlobal
